
Microsoft Visual Studio Solution File, Format Version 12.00
# Visual Studio Version 17
VisualStudioVersion = 17.9.34607.119
MinimumVisualStudioVersion = 10.0.40219.1
Project("{FAE04EC0-301F-11D3-BF4B-00C04F79EFBC}") = "Auth.Api", "Auth.Api\Auth.Api.csproj", "{EFFFBCA6-BBF8-4C52-889F-8BC55BAA0C61}"
EndProject
Project("{FAE04EC0-301F-11D3-BF4B-00C04F79EFBC}") = "Auth.Shared", "Auth.Shared\Auth.Shared.csproj", "{900BF867-167B-4E38-8816-7FB7198A464F}"
EndProject
Project("{FAE04EC0-301F-11D3-BF4B-00C04F79EFBC}") = "Auth.Infrastructure", "Auth.Infrastructure\Auth.Infrastructure.csproj", "{2B41407A-3687-4B7C-BC61-F85D648D089E}"
EndProject
Project("{FAE04EC0-301F-11D3-BF4B-00C04F79EFBC}") = "Auth.Core", "Auth.Core\Auth.Core.csproj", "{52184106-C492-4CF6-80A6-3267C7D815F0}"
EndProject
Project("{FAE04EC0-301F-11D3-BF4B-00C04F79EFBC}") = "Auth.Application", "Auth.Application\Auth.Application.csproj", "{C0A98498-9FB1-4A9D-9732-8DA86A1F0323}"
EndProject
Global
	GlobalSection(SolutionConfigurationPlatforms) = preSolution
		Debug|Any CPU = Debug|Any CPU
		Release|Any CPU = Release|Any CPU
	EndGlobalSection
	GlobalSection(ProjectConfigurationPlatforms) = postSolution
		{EFFFBCA6-BBF8-4C52-889F-8BC55BAA0C61}.Debug|Any CPU.ActiveCfg = Debug|Any CPU
		{EFFFBCA6-BBF8-4C52-889F-8BC55BAA0C61}.Debug|Any CPU.Build.0 = Debug|Any CPU
		{EFFFBCA6-BBF8-4C52-889F-8BC55BAA0C61}.Release|Any CPU.ActiveCfg = Release|Any CPU
		{EFFFBCA6-BBF8-4C52-889F-8BC55BAA0C61}.Release|Any CPU.Build.0 = Release|Any CPU
		{900BF867-167B-4E38-8816-7FB7198A464F}.Debug|Any CPU.ActiveCfg = Debug|Any CPU
		{900BF867-167B-4E38-8816-7FB7198A464F}.Debug|Any CPU.Build.0 = Debug|Any CPU
		{900BF867-167B-4E38-8816-7FB7198A464F}.Release|Any CPU.ActiveCfg = Release|Any CPU
		{900BF867-167B-4E38-8816-7FB7198A464F}.Release|Any CPU.Build.0 = Release|Any CPU
		{2B41407A-3687-4B7C-BC61-F85D648D089E}.Debug|Any CPU.ActiveCfg = Debug|Any CPU
		{2B41407A-3687-4B7C-BC61-F85D648D089E}.Debug|Any CPU.Build.0 = Debug|Any CPU
		{2B41407A-3687-4B7C-BC61-F85D648D089E}.Release|Any CPU.ActiveCfg = Release|Any CPU
		{2B41407A-3687-4B7C-BC61-F85D648D089E}.Release|Any CPU.Build.0 = Release|Any CPU
		{52184106-C492-4CF6-80A6-3267C7D815F0}.Debug|Any CPU.ActiveCfg = Debug|Any CPU
		{52184106-C492-4CF6-80A6-3267C7D815F0}.Debug|Any CPU.Build.0 = Debug|Any CPU
		{52184106-C492-4CF6-80A6-3267C7D815F0}.Release|Any CPU.ActiveCfg = Release|Any CPU
		{52184106-C492-4CF6-80A6-3267C7D815F0}.Release|Any CPU.Build.0 = Release|Any CPU
		{C0A98498-9FB1-4A9D-9732-8DA86A1F0323}.Debug|Any CPU.ActiveCfg = Debug|Any CPU
		{C0A98498-9FB1-4A9D-9732-8DA86A1F0323}.Debug|Any CPU.Build.0 = Debug|Any CPU
		{C0A98498-9FB1-4A9D-9732-8DA86A1F0323}.Release|Any CPU.ActiveCfg = Release|Any CPU
		{C0A98498-9FB1-4A9D-9732-8DA86A1F0323}.Release|Any CPU.Build.0 = Release|Any CPU
	EndGlobalSection
	GlobalSection(SolutionProperties) = preSolution
		HideSolutionNode = FALSE
	EndGlobalSection
	GlobalSection(ExtensibilityGlobals) = postSolution
		SolutionGuid = {33B97F54-0F6E-4E17-81AF-D0054FE00C20}
	EndGlobalSection
EndGlobal
