
Microsoft Visual Studio Solution File, Format Version 12.00
# Visual Studio Version 17
VisualStudioVersion = 17.0.31903.59
MinimumVisualStudioVersion = 10.0.40219.1
Project("{FAE04EC0-301F-11D3-BF4B-00C04F79EFBC}") = "Auth.Api", "Auth.Api\Auth.Api.csproj", "{739FC30F-DDEF-4826-AAFC-310D87E9FA18}"
EndProject
Project("{FAE04EC0-301F-11D3-BF4B-00C04F79EFBC}") = "Auth.Infrastructure", "Auth.Infrastructure\Auth.Infrastructure.csproj", "{3BA8B314-2D67-479C-8B40-E6329E28E150}"
EndProject
Project("{FAE04EC0-301F-11D3-BF4B-00C04F79EFBC}") = "Auth.Core", "Auth.Core\Auth.Core.csproj", "{2C2C2654-5882-4397-8E33-E5B138D516C2}"
EndProject
Project("{FAE04EC0-301F-11D3-BF4B-00C04F79EFBC}") = "Auth.Application", "Auth.Application\Auth.Application.csproj", "{C2D75177-37CE-441B-8CF0-E15512DB2A59}"
EndProject
Project("{FAE04EC0-301F-11D3-BF4B-00C04F79EFBC}") = "Auth.Shared", "Auth.Shared\Auth.Shared.csproj", "{62845817-60EC-499D-AE79-4EAF2A0652D6}"
EndProject
Global
	GlobalSection(SolutionConfigurationPlatforms) = preSolution
		Debug|Any CPU = Debug|Any CPU
		Release|Any CPU = Release|Any CPU
	EndGlobalSection
	GlobalSection(SolutionProperties) = preSolution
		HideSolutionNode = FALSE
	EndGlobalSection
	GlobalSection(ProjectConfigurationPlatforms) = postSolution
		{739FC30F-DDEF-4826-AAFC-310D87E9FA18}.Debug|Any CPU.ActiveCfg = Debug|Any CPU
		{739FC30F-DDEF-4826-AAFC-310D87E9FA18}.Debug|Any CPU.Build.0 = Debug|Any CPU
		{739FC30F-DDEF-4826-AAFC-310D87E9FA18}.Release|Any CPU.ActiveCfg = Release|Any CPU
		{739FC30F-DDEF-4826-AAFC-310D87E9FA18}.Release|Any CPU.Build.0 = Release|Any CPU
		{3BA8B314-2D67-479C-8B40-E6329E28E150}.Debug|Any CPU.ActiveCfg = Debug|Any CPU
		{3BA8B314-2D67-479C-8B40-E6329E28E150}.Debug|Any CPU.Build.0 = Debug|Any CPU
		{3BA8B314-2D67-479C-8B40-E6329E28E150}.Release|Any CPU.ActiveCfg = Release|Any CPU
		{3BA8B314-2D67-479C-8B40-E6329E28E150}.Release|Any CPU.Build.0 = Release|Any CPU
		{2C2C2654-5882-4397-8E33-E5B138D516C2}.Debug|Any CPU.ActiveCfg = Debug|Any CPU
		{2C2C2654-5882-4397-8E33-E5B138D516C2}.Debug|Any CPU.Build.0 = Debug|Any CPU
		{2C2C2654-5882-4397-8E33-E5B138D516C2}.Release|Any CPU.ActiveCfg = Release|Any CPU
		{2C2C2654-5882-4397-8E33-E5B138D516C2}.Release|Any CPU.Build.0 = Release|Any CPU
		{C2D75177-37CE-441B-8CF0-E15512DB2A59}.Debug|Any CPU.ActiveCfg = Debug|Any CPU
		{C2D75177-37CE-441B-8CF0-E15512DB2A59}.Debug|Any CPU.Build.0 = Debug|Any CPU
		{C2D75177-37CE-441B-8CF0-E15512DB2A59}.Release|Any CPU.ActiveCfg = Release|Any CPU
		{C2D75177-37CE-441B-8CF0-E15512DB2A59}.Release|Any CPU.Build.0 = Release|Any CPU
		{62845817-60EC-499D-AE79-4EAF2A0652D6}.Debug|Any CPU.ActiveCfg = Debug|Any CPU
		{62845817-60EC-499D-AE79-4EAF2A0652D6}.Debug|Any CPU.Build.0 = Debug|Any CPU
		{62845817-60EC-499D-AE79-4EAF2A0652D6}.Release|Any CPU.ActiveCfg = Release|Any CPU
		{62845817-60EC-499D-AE79-4EAF2A0652D6}.Release|Any CPU.Build.0 = Release|Any CPU
	EndGlobalSection
EndGlobal
